// !$*UTF8*$!
{
	archiveVersion = 1;
	classes = {
	};
	objectVersion = 50;
	objects = {

/* Begin PBXBuildFile section */
		0782D17220E130EC008ED936 /* AppDelegate.swift in Sources */ = {isa = PBXBuildFile; fileRef = 0782D17120E130EC008ED936 /* AppDelegate.swift */; };
		0782D17420E130EC008ED936 /* ViewController.swift in Sources */ = {isa = PBXBuildFile; fileRef = 0782D17320E130EC008ED936 /* ViewController.swift */; };
		0782D17720E130EC008ED936 /* Main.storyboard in Resources */ = {isa = PBXBuildFile; fileRef = 0782D17520E130EC008ED936 /* Main.storyboard */; };
		0782D17920E130EE008ED936 /* Assets.xcassets in Resources */ = {isa = PBXBuildFile; fileRef = 0782D17820E130EE008ED936 /* Assets.xcassets */; };
		0782D17C20E130EE008ED936 /* LaunchScreen.storyboard in Resources */ = {isa = PBXBuildFile; fileRef = 0782D17A20E130EE008ED936 /* LaunchScreen.storyboard */; };
		0782D18720E130EE008ED936 /* StyLoeTests.swift in Sources */ = {isa = PBXBuildFile; fileRef = 0782D18620E130EE008ED936 /* StyLoeTests.swift */; };
		0782D19220E130EE008ED936 /* StyLoeUITests.swift in Sources */ = {isa = PBXBuildFile; fileRef = 0782D19120E130EE008ED936 /* StyLoeUITests.swift */; };
/* End PBXBuildFile section */

/* Begin PBXContainerItemProxy section */
		0782D18320E130EE008ED936 /* PBXContainerItemProxy */ = {
			isa = PBXContainerItemProxy;
			containerPortal = 0782D16620E130EC008ED936 /* Project object */;
			proxyType = 1;
			remoteGlobalIDString = 0782D16D20E130EC008ED936;
			remoteInfo = StyLoe;
		};
		0782D18E20E130EE008ED936 /* PBXContainerItemProxy */ = {
			isa = PBXContainerItemProxy;
			containerPortal = 0782D16620E130EC008ED936 /* Project object */;
			proxyType = 1;
			remoteGlobalIDString = 0782D16D20E130EC008ED936;
			remoteInfo = StyLoe;
		};
/* End PBXContainerItemProxy section */

/* Begin PBXFileReference section */
		0782D16E20E130EC008ED936 /* StyLoe.app */ = {isa = PBXFileReference; explicitFileType = wrapper.application; includeInIndex = 0; path = StyLoe.app; sourceTree = BUILT_PRODUCTS_DIR; };
		0782D17120E130EC008ED936 /* AppDelegate.swift */ = {isa = PBXFileReference; lastKnownFileType = sourcecode.swift; path = AppDelegate.swift; sourceTree = "<group>"; };
		0782D17320E130EC008ED936 /* ViewController.swift */ = {isa = PBXFileReference; lastKnownFileType = sourcecode.swift; path = ViewController.swift; sourceTree = "<group>"; };
		0782D17620E130EC008ED936 /* Base */ = {isa = PBXFileReference; lastKnownFileType = file.storyboard; name = Base; path = Base.lproj/Main.storyboard; sourceTree = "<group>"; };
		0782D17820E130EE008ED936 /* Assets.xcassets */ = {isa = PBXFileReference; lastKnownFileType = folder.assetcatalog; path = Assets.xcassets; sourceTree = "<group>"; };
		0782D17B20E130EE008ED936 /* Base */ = {isa = PBXFileReference; lastKnownFileType = file.storyboard; name = Base; path = Base.lproj/LaunchScreen.storyboard; sourceTree = "<group>"; };
		0782D17D20E130EE008ED936 /* Info.plist */ = {isa = PBXFileReference; lastKnownFileType = text.plist.xml; path = Info.plist; sourceTree = "<group>"; };
		0782D18220E130EE008ED936 /* StyLoeTests.xctest */ = {isa = PBXFileReference; explicitFileType = wrapper.cfbundle; includeInIndex = 0; path = StyLoeTests.xctest; sourceTree = BUILT_PRODUCTS_DIR; };
		0782D18620E130EE008ED936 /* StyLoeTests.swift */ = {isa = PBXFileReference; lastKnownFileType = sourcecode.swift; path = StyLoeTests.swift; sourceTree = "<group>"; };
		0782D18820E130EE008ED936 /* Info.plist */ = {isa = PBXFileReference; lastKnownFileType = text.plist.xml; path = Info.plist; sourceTree = "<group>"; };
		0782D18D20E130EE008ED936 /* StyLoeUITests.xctest */ = {isa = PBXFileReference; explicitFileType = wrapper.cfbundle; includeInIndex = 0; path = StyLoeUITests.xctest; sourceTree = BUILT_PRODUCTS_DIR; };
		0782D19120E130EE008ED936 /* StyLoeUITests.swift */ = {isa = PBXFileReference; lastKnownFileType = sourcecode.swift; path = StyLoeUITests.swift; sourceTree = "<group>"; };
		0782D19320E130EE008ED936 /* Info.plist */ = {isa = PBXFileReference; lastKnownFileType = text.plist.xml; path = Info.plist; sourceTree = "<group>"; };
/* End PBXFileReference section */

/* Begin PBXFrameworksBuildPhase section */
		0782D16B20E130EC008ED936 /* Frameworks */ = {
			isa = PBXFrameworksBuildPhase;
			buildActionMask = 2147483647;
			files = (
			);
			runOnlyForDeploymentPostprocessing = 0;
		};
		0782D17F20E130EE008ED936 /* Frameworks */ = {
			isa = PBXFrameworksBuildPhase;
			buildActionMask = 2147483647;
			files = (
			);
			runOnlyForDeploymentPostprocessing = 0;
		};
		0782D18A20E130EE008ED936 /* Frameworks */ = {
			isa = PBXFrameworksBuildPhase;
			buildActionMask = 2147483647;
			files = (
			);
			runOnlyForDeploymentPostprocessing = 0;
		};
/* End PBXFrameworksBuildPhase section */

/* Begin PBXGroup section */
		0782D16520E130EC008ED936 = {
			isa = PBXGroup;
			children = (
				0782D17020E130EC008ED936 /* StyLoe */,
				0782D18520E130EE008ED936 /* StyLoeTests */,
				0782D19020E130EE008ED936 /* StyLoeUITests */,
				0782D16F20E130EC008ED936 /* Products */,
			);
			sourceTree = "<group>";
		};
		0782D16F20E130EC008ED936 /* Products */ = {
			isa = PBXGroup;
			children = (
				0782D16E20E130EC008ED936 /* StyLoe.app */,
				0782D18220E130EE008ED936 /* StyLoeTests.xctest */,
				0782D18D20E130EE008ED936 /* StyLoeUITests.xctest */,
			);
			name = Products;
			sourceTree = "<group>";
		};
		0782D17020E130EC008ED936 /* StyLoe */ = {
			isa = PBXGroup;
			children = (
				0782D17120E130EC008ED936 /* AppDelegate.swift */,
				0782D17320E130EC008ED936 /* ViewController.swift */,
				0782D17520E130EC008ED936 /* Main.storyboard */,
				0782D17820E130EE008ED936 /* Assets.xcassets */,
				0782D17A20E130EE008ED936 /* LaunchScreen.storyboard */,
				0782D17D20E130EE008ED936 /* Info.plist */,
			);
			path = StyLoe;
			sourceTree = "<group>";
		};
		0782D18520E130EE008ED936 /* StyLoeTests */ = {
			isa = PBXGroup;
			children = (
				0782D18620E130EE008ED936 /* StyLoeTests.swift */,
				0782D18820E130EE008ED936 /* Info.plist */,
			);
			path = StyLoeTests;
			sourceTree = "<group>";
		};
		0782D19020E130EE008ED936 /* StyLoeUITests */ = {
			isa = PBXGroup;
			children = (
				0782D19120E130EE008ED936 /* StyLoeUITests.swift */,
				0782D19320E130EE008ED936 /* Info.plist */,
			);
			path = StyLoeUITests;
			sourceTree = "<group>";
		};
/* End PBXGroup section */

/* Begin PBXNativeTarget section */
		0782D16D20E130EC008ED936 /* StyLoe */ = {
			isa = PBXNativeTarget;
			buildConfigurationList = 0782D19620E130EE008ED936 /* Build configuration list for PBXNativeTarget "StyLoe" */;
			buildPhases = (
				0782D16A20E130EC008ED936 /* Sources */,
				0782D16B20E130EC008ED936 /* Frameworks */,
				0782D16C20E130EC008ED936 /* Resources */,
			);
			buildRules = (
			);
			dependencies = (
			);
			name = StyLoe;
			productName = StyLoe;
			productReference = 0782D16E20E130EC008ED936 /* StyLoe.app */;
			productType = "com.apple.product-type.application";
		};
		0782D18120E130EE008ED936 /* StyLoeTests */ = {
			isa = PBXNativeTarget;
			buildConfigurationList = 0782D19920E130EE008ED936 /* Build configuration list for PBXNativeTarget "StyLoeTests" */;
			buildPhases = (
				0782D17E20E130EE008ED936 /* Sources */,
				0782D17F20E130EE008ED936 /* Frameworks */,
				0782D18020E130EE008ED936 /* Resources */,
			);
			buildRules = (
			);
			dependencies = (
				0782D18420E130EE008ED936 /* PBXTargetDependency */,
			);
			name = StyLoeTests;
			productName = StyLoeTests;
			productReference = 0782D18220E130EE008ED936 /* StyLoeTests.xctest */;
			productType = "com.apple.product-type.bundle.unit-test";
		};
		0782D18C20E130EE008ED936 /* StyLoeUITests */ = {
			isa = PBXNativeTarget;
			buildConfigurationList = 0782D19C20E130EE008ED936 /* Build configuration list for PBXNativeTarget "StyLoeUITests" */;
			buildPhases = (
				0782D18920E130EE008ED936 /* Sources */,
				0782D18A20E130EE008ED936 /* Frameworks */,
				0782D18B20E130EE008ED936 /* Resources */,
			);
			buildRules = (
			);
			dependencies = (
				0782D18F20E130EE008ED936 /* PBXTargetDependency */,
			);
			name = StyLoeUITests;
			productName = StyLoeUITests;
			productReference = 0782D18D20E130EE008ED936 /* StyLoeUITests.xctest */;
			productType = "com.apple.product-type.bundle.ui-testing";
		};
/* End PBXNativeTarget section */

/* Begin PBXProject section */
		0782D16620E130EC008ED936 /* Project object */ = {
			isa = PBXProject;
			attributes = {
				LastSwiftUpdateCheck = 0940;
				LastUpgradeCheck = 0940;
				ORGANIZATIONNAME = "Rifqi Alfaizi";
				TargetAttributes = {
					0782D16D20E130EC008ED936 = {
						CreatedOnToolsVersion = 9.4.1;
					};
					0782D18120E130EE008ED936 = {
						CreatedOnToolsVersion = 9.4.1;
						TestTargetID = 0782D16D20E130EC008ED936;
					};
					0782D18C20E130EE008ED936 = {
						CreatedOnToolsVersion = 9.4.1;
						TestTargetID = 0782D16D20E130EC008ED936;
					};
				};
			};
			buildConfigurationList = 0782D16920E130EC008ED936 /* Build configuration list for PBXProject "StyLoe" */;
			compatibilityVersion = "Xcode 9.3";
			developmentRegion = en;
			hasScannedForEncodings = 0;
			knownRegions = (
				en,
				Base,
			);
			mainGroup = 0782D16520E130EC008ED936;
			productRefGroup = 0782D16F20E130EC008ED936 /* Products */;
			projectDirPath = "";
			projectRoot = "";
			targets = (
				0782D16D20E130EC008ED936 /* StyLoe */,
				0782D18120E130EE008ED936 /* StyLoeTests */,
				0782D18C20E130EE008ED936 /* StyLoeUITests */,
			);
		};
/* End PBXProject section */

/* Begin PBXResourcesBuildPhase section */
		0782D16C20E130EC008ED936 /* Resources */ = {
			isa = PBXResourcesBuildPhase;
			buildActionMask = 2147483647;
			files = (
				0782D17C20E130EE008ED936 /* LaunchScreen.storyboard in Resources */,
				0782D17920E130EE008ED936 /* Assets.xcassets in Resources */,
				0782D17720E130EC008ED936 /* Main.storyboard in Resources */,
			);
			runOnlyForDeploymentPostprocessing = 0;
		};
		0782D18020E130EE008ED936 /* Resources */ = {
			isa = PBXResourcesBuildPhase;
			buildActionMask = 2147483647;
			files = (
			);
			runOnlyForDeploymentPostprocessing = 0;
		};
		0782D18B20E130EE008ED936 /* Resources */ = {
			isa = PBXResourcesBuildPhase;
			buildActionMask = 2147483647;
			files = (
			);
			runOnlyForDeploymentPostprocessing = 0;
		};
/* End PBXResourcesBuildPhase section */

/* Begin PBXSourcesBuildPhase section */
		0782D16A20E130EC008ED936 /* Sources */ = {
			isa = PBXSourcesBuildPhase;
			buildActionMask = 2147483647;
			files = (
				0782D17420E130EC008ED936 /* ViewController.swift in Sources */,
				0782D17220E130EC008ED936 /* AppDelegate.swift in Sources */,
			);
			runOnlyForDeploymentPostprocessing = 0;
		};
		0782D17E20E130EE008ED936 /* Sources */ = {
			isa = PBXSourcesBuildPhase;
			buildActionMask = 2147483647;
			files = (
				0782D18720E130EE008ED936 /* StyLoeTests.swift in Sources */,
			);
			runOnlyForDeploymentPostprocessing = 0;
		};
		0782D18920E130EE008ED936 /* Sources */ = {
			isa = PBXSourcesBuildPhase;
			buildActionMask = 2147483647;
			files = (
				0782D19220E130EE008ED936 /* StyLoeUITests.swift in Sources */,
			);
			runOnlyForDeploymentPostprocessing = 0;
		};
/* End PBXSourcesBuildPhase section */

/* Begin PBXTargetDependency section */
		0782D18420E130EE008ED936 /* PBXTargetDependency */ = {
			isa = PBXTargetDependency;
			target = 0782D16D20E130EC008ED936 /* StyLoe */;
			targetProxy = 0782D18320E130EE008ED936 /* PBXContainerItemProxy */;
		};
		0782D18F20E130EE008ED936 /* PBXTargetDependency */ = {
			isa = PBXTargetDependency;
			target = 0782D16D20E130EC008ED936 /* StyLoe */;
			targetProxy = 0782D18E20E130EE008ED936 /* PBXContainerItemProxy */;
		};
/* End PBXTargetDependency section */

/* Begin PBXVariantGroup section */
		0782D17520E130EC008ED936 /* Main.storyboard */ = {
			isa = PBXVariantGroup;
			children = (
				0782D17620E130EC008ED936 /* Base */,
			);
			name = Main.storyboard;
			sourceTree = "<group>";
		};
		0782D17A20E130EE008ED936 /* LaunchScreen.storyboard */ = {
			isa = PBXVariantGroup;
			children = (
				0782D17B20E130EE008ED936 /* Base */,
			);
			name = LaunchScreen.storyboard;
			sourceTree = "<group>";
		};
/* End PBXVariantGroup section */

/* Begin XCBuildConfiguration section */
		0782D19420E130EE008ED936 /* Debug */ = {
			isa = XCBuildConfiguration;
			buildSettings = {
				ALWAYS_SEARCH_USER_PATHS = NO;
				CLANG_ANALYZER_NONNULL = YES;
				CLANG_ANALYZER_NUMBER_OBJECT_CONVERSION = YES_AGGRESSIVE;
				CLANG_CXX_LANGUAGE_STANDARD = "gnu++14";
				CLANG_CXX_LIBRARY = "libc++";
				CLANG_ENABLE_MODULES = YES;
				CLANG_ENABLE_OBJC_ARC = YES;
				CLANG_ENABLE_OBJC_WEAK = YES;
				CLANG_WARN_BLOCK_CAPTURE_AUTORELEASING = YES;
				CLANG_WARN_BOOL_CONVERSION = YES;
				CLANG_WARN_COMMA = YES;
				CLANG_WARN_CONSTANT_CONVERSION = YES;
				CLANG_WARN_DEPRECATED_OBJC_IMPLEMENTATIONS = YES;
				CLANG_WARN_DIRECT_OBJC_ISA_USAGE = YES_ERROR;
				CLANG_WARN_DOCUMENTATION_COMMENTS = YES;
				CLANG_WARN_EMPTY_BODY = YES;
				CLANG_WARN_ENUM_CONVERSION = YES;
				CLANG_WARN_INFINITE_RECURSION = YES;
				CLANG_WARN_INT_CONVERSION = YES;
				CLANG_WARN_NON_LITERAL_NULL_CONVERSION = YES;
				CLANG_WARN_OBJC_IMPLICIT_RETAIN_SELF = YES;
				CLANG_WARN_OBJC_LITERAL_CONVERSION = YES;
				CLANG_WARN_OBJC_ROOT_CLASS = YES_ERROR;
				CLANG_WARN_RANGE_LOOP_ANALYSIS = YES;
				CLANG_WARN_STRICT_PROTOTYPES = YES;
				CLANG_WARN_SUSPICIOUS_MOVE = YES;
				CLANG_WARN_UNGUARDED_AVAILABILITY = YES_AGGRESSIVE;
				CLANG_WARN_UNREACHABLE_CODE = YES;
				CLANG_WARN__DUPLICATE_METHOD_MATCH = YES;
				CODE_SIGN_IDENTITY = "iPhone Developer";
				COPY_PHASE_STRIP = NO;
				DEBUG_INFORMATION_FORMAT = dwarf;
				ENABLE_STRICT_OBJC_MSGSEND = YES;
				ENABLE_TESTABILITY = YES;
				GCC_C_LANGUAGE_STANDARD = gnu11;
				GCC_DYNAMIC_NO_PIC = NO;
				GCC_NO_COMMON_BLOCKS = YES;
				GCC_OPTIMIZATION_LEVEL = 0;
				GCC_PREPROCESSOR_DEFINITIONS = (
					"DEBUG=1",
					"$(inherited)",
				);
				GCC_WARN_64_TO_32_BIT_CONVERSION = YES;
				GCC_WARN_ABOUT_RETURN_TYPE = YES_ERROR;
				GCC_WARN_UNDECLARED_SELECTOR = YES;
				GCC_WARN_UNINITIALIZED_AUTOS = YES_AGGRESSIVE;
				GCC_WARN_UNUSED_FUNCTION = YES;
				GCC_WARN_UNUSED_VARIABLE = YES;
				IPHONEOS_DEPLOYMENT_TARGET = 11.4;
				MTL_ENABLE_DEBUG_INFO = YES;
				ONLY_ACTIVE_ARCH = YES;
				SDKROOT = iphoneos;
				SWIFT_ACTIVE_COMPILATION_CONDITIONS = DEBUG;
				SWIFT_OPTIMIZATION_LEVEL = "-Onone";
			};
			name = Debug;
		};
		0782D19520E130EE008ED936 /* Release */ = {
			isa = XCBuildConfiguration;
			buildSettings = {
				ALWAYS_SEARCH_USER_PATHS = NO;
				CLANG_ANALYZER_NONNULL = YES;
				CLANG_ANALYZER_NUMBER_OBJECT_CONVERSION = YES_AGGRESSIVE;
				CLANG_CXX_LANGUAGE_STANDARD = "gnu++14";
				CLANG_CXX_LIBRARY = "libc++";
				CLANG_ENABLE_MODULES = YES;
				CLANG_ENABLE_OBJC_ARC = YES;
				CLANG_ENABLE_OBJC_WEAK = YES;
				CLANG_WARN_BLOCK_CAPTURE_AUTORELEASING = YES;
				CLANG_WARN_BOOL_CONVERSION = YES;
				CLANG_WARN_COMMA = YES;
				CLANG_WARN_CONSTANT_CONVERSION = YES;
				CLANG_WARN_DEPRECATED_OBJC_IMPLEMENTATIONS = YES;
				CLANG_WARN_DIRECT_OBJC_ISA_USAGE = YES_ERROR;
				CLANG_WARN_DOCUMENTATION_COMMENTS = YES;
				CLANG_WARN_EMPTY_BODY = YES;
				CLANG_WARN_ENUM_CONVERSION = YES;
				CLANG_WARN_INFINITE_RECURSION = YES;
				CLANG_WARN_INT_CONVERSION = YES;
				CLANG_WARN_NON_LITERAL_NULL_CONVERSION = YES;
				CLANG_WARN_OBJC_IMPLICIT_RETAIN_SELF = YES;
				CLANG_WARN_OBJC_LITERAL_CONVERSION = YES;
				CLANG_WARN_OBJC_ROOT_CLASS = YES_ERROR;
				CLANG_WARN_RANGE_LOOP_ANALYSIS = YES;
				CLANG_WARN_STRICT_PROTOTYPES = YES;
				CLANG_WARN_SUSPICIOUS_MOVE = YES;
				CLANG_WARN_UNGUARDED_AVAILABILITY = YES_AGGRESSIVE;
				CLANG_WARN_UNREACHABLE_CODE = YES;
				CLANG_WARN__DUPLICATE_METHOD_MATCH = YES;
				CODE_SIGN_IDENTITY = "iPhone Developer";
				COPY_PHASE_STRIP = NO;
				DEBUG_INFORMATION_FORMAT = "dwarf-with-dsym";
				ENABLE_NS_ASSERTIONS = NO;
				ENABLE_STRICT_OBJC_MSGSEND = YES;
				GCC_C_LANGUAGE_STANDARD = gnu11;
				GCC_NO_COMMON_BLOCKS = YES;
				GCC_WARN_64_TO_32_BIT_CONVERSION = YES;
				GCC_WARN_ABOUT_RETURN_TYPE = YES_ERROR;
				GCC_WARN_UNDECLARED_SELECTOR = YES;
				GCC_WARN_UNINITIALIZED_AUTOS = YES_AGGRESSIVE;
				GCC_WARN_UNUSED_FUNCTION = YES;
				GCC_WARN_UNUSED_VARIABLE = YES;
				IPHONEOS_DEPLOYMENT_TARGET = 11.4;
				MTL_ENABLE_DEBUG_INFO = NO;
				SDKROOT = iphoneos;
				SWIFT_COMPILATION_MODE = wholemodule;
				SWIFT_OPTIMIZATION_LEVEL = "-O";
				VALIDATE_PRODUCT = YES;
			};
			name = Release;
		};
		0782D19720E130EE008ED936 /* Debug */ = {
			isa = XCBuildConfiguration;
			buildSettings = {
				ASSETCATALOG_COMPILER_APPICON_NAME = AppIcon;
				CODE_SIGN_STYLE = Automatic;
				INFOPLIST_FILE = StyLoe/Info.plist;
				LD_RUNPATH_SEARCH_PATHS = (
					"$(inherited)",
					"@executable_path/Frameworks",
				);
				PRODUCT_BUNDLE_IDENTIFIER = com.StyLoe;
				PRODUCT_NAME = "$(TARGET_NAME)";
				SWIFT_VERSION = 4.0;
				TARGETED_DEVICE_FAMILY = "1,2";
			};
			name = Debug;
		};
		0782D19820E130EE008ED936 /* Release */ = {
			isa = XCBuildConfiguration;
			buildSettings = {
				ASSETCATALOG_COMPILER_APPICON_NAME = AppIcon;
				CODE_SIGN_STYLE = Automatic;
				INFOPLIST_FILE = StyLoe/Info.plist;
				LD_RUNPATH_SEARCH_PATHS = (
					"$(inherited)",
					"@executable_path/Frameworks",
				);
				PRODUCT_BUNDLE_IDENTIFIER = com.StyLoe;
				PRODUCT_NAME = "$(TARGET_NAME)";
				SWIFT_VERSION = 4.0;
				TARGETED_DEVICE_FAMILY = "1,2";
			};
			name = Release;
		};
		0782D19A20E130EE008ED936 /* Debug */ = {
			isa = XCBuildConfiguration;
			buildSettings = {
				ALWAYS_EMBED_SWIFT_STANDARD_LIBRARIES = YES;
				BUNDLE_LOADER = "$(TEST_HOST)";
				CODE_SIGN_STYLE = Automatic;
				INFOPLIST_FILE = StyLoeTests/Info.plist;
				LD_RUNPATH_SEARCH_PATHS = (
					"$(inherited)",
					"@executable_path/Frameworks",
					"@loader_path/Frameworks",
				);
				PRODUCT_BUNDLE_IDENTIFIER = com.StyLoeTests;
				PRODUCT_NAME = "$(TARGET_NAME)";
				SWIFT_VERSION = 4.0;
				TARGETED_DEVICE_FAMILY = "1,2";
				TEST_HOST = "$(BUILT_PRODUCTS_DIR)/StyLoe.app/StyLoe";
			};
			name = Debug;
		};
		0782D19B20E130EE008ED936 /* Release */ = {
			isa = XCBuildConfiguration;
			buildSettings = {
				ALWAYS_EMBED_SWIFT_STANDARD_LIBRARIES = YES;
				BUNDLE_LOADER = "$(TEST_HOST)";
				CODE_SIGN_STYLE = Automatic;
				INFOPLIST_FILE = StyLoeTests/Info.plist;
				LD_RUNPATH_SEARCH_PATHS = (
					"$(inherited)",
					"@executable_path/Frameworks",
					"@loader_path/Frameworks",
				);
				PRODUCT_BUNDLE_IDENTIFIER = com.StyLoeTests;
				PRODUCT_NAME = "$(TARGET_NAME)";
				SWIFT_VERSION = 4.0;
				TARGETED_DEVICE_FAMILY = "1,2";
				TEST_HOST = "$(BUILT_PRODUCTS_DIR)/StyLoe.app/StyLoe";
			};
			name = Release;
		};
		0782D19D20E130EE008ED936 /* Debug */ = {
			isa = XCBuildConfiguration;
			buildSettings = {
				ALWAYS_EMBED_SWIFT_STANDARD_LIBRARIES = YES;
				CODE_SIGN_STYLE = Automatic;
				INFOPLIST_FILE = StyLoeUITests/Info.plist;
				LD_RUNPATH_SEARCH_PATHS = (
					"$(inherited)",
					"@executable_path/Frameworks",
					"@loader_path/Frameworks",
				);
				PRODUCT_BUNDLE_IDENTIFIER = com.StyLoeUITests;
				PRODUCT_NAME = "$(TARGET_NAME)";
				SWIFT_VERSION = 4.0;
				TARGETED_DEVICE_FAMILY = "1,2";
				TEST_TARGET_NAME = StyLoe;
			};
			name = Debug;
		};
		0782D19E20E130EE008ED936 /* Release */ = {
			isa = XCBuildConfiguration;
			buildSettings = {
				ALWAYS_EMBED_SWIFT_STANDARD_LIBRARIES = YES;
				CODE_SIGN_STYLE = Automatic;
				INFOPLIST_FILE = StyLoeUITests/Info.plist;
				LD_RUNPATH_SEARCH_PATHS = (
					"$(inherited)",
					"@executable_path/Frameworks",
					"@loader_path/Frameworks",
				);
				PRODUCT_BUNDLE_IDENTIFIER = com.StyLoeUITests;
				PRODUCT_NAME = "$(TARGET_NAME)";
				SWIFT_VERSION = 4.0;
				TARGETED_DEVICE_FAMILY = "1,2";
				TEST_TARGET_NAME = StyLoe;
			};
			name = Release;
		};
/* End XCBuildConfiguration section */

/* Begin XCConfigurationList section */
		0782D16920E130EC008ED936 /* Build configuration list for PBXProject "StyLoe" */ = {
			isa = XCConfigurationList;
			buildConfigurations = (
				0782D19420E130EE008ED936 /* Debug */,
				0782D19520E130EE008ED936 /* Release */,
			);
			defaultConfigurationIsVisible = 0;
			defaultConfigurationName = Release;
		};
		0782D19620E130EE008ED936 /* Build configuration list for PBXNativeTarget "StyLoe" */ = {
			isa = XCConfigurationList;
			buildConfigurations = (
				0782D19720E130EE008ED936 /* Debug */,
				0782D19820E130EE008ED936 /* Release */,
			);
			defaultConfigurationIsVisible = 0;
			defaultConfigurationName = Release;
		};
		0782D19920E130EE008ED936 /* Build configuration list for PBXNativeTarget "StyLoeTests" */ = {
			isa = XCConfigurationList;
			buildConfigurations = (
				0782D19A20E130EE008ED936 /* Debug */,
				0782D19B20E130EE008ED936 /* Release */,
			);
			defaultConfigurationIsVisible = 0;
			defaultConfigurationName = Release;
		};
		0782D19C20E130EE008ED936 /* Build configuration list for PBXNativeTarget "StyLoeUITests" */ = {
			isa = XCConfigurationList;
			buildConfigurations = (
				0782D19D20E130EE008ED936 /* Debug */,
				0782D19E20E130EE008ED936 /* Release */,
			);
			defaultConfigurationIsVisible = 0;
			defaultConfigurationName = Release;
		};
/* End XCConfigurationList section */
	};
	rootObject = 0782D16620E130EC008ED936 /* Project object */;
}
